
Microsoft Visual Studio Solution File, Format Version 12.00
# Visual Studio Version 16
VisualStudioVersion = 16.0.30114.105
MinimumVisualStudioVersion = 10.0.40219.1
Project("{9A19103F-16F7-4668-BE54-9A1E7A4F7556}") = "AsmSharp", "AsmSharp\AsmSharp.csproj", "{D191C100-D595-48A7-8DC1-54E289B9A913}"
EndProject
Project("{9A19103F-16F7-4668-BE54-9A1E7A4F7556}") = "AsmSharp.Test", "AsmSharp.Test\AsmSharp.Test.csproj", "{BE02DDC4-AA3B-4830-B676-114696D5EA95}"
EndProject
Global
	GlobalSection(SolutionConfigurationPlatforms) = preSolution
		Debug|Any CPU = Debug|Any CPU
		Release|Any CPU = Release|Any CPU
	EndGlobalSection
	GlobalSection(ProjectConfigurationPlatforms) = postSolution
		{D191C100-D595-48A7-8DC1-54E289B9A913}.Debug|Any CPU.ActiveCfg = Debug|Any CPU
		{D191C100-D595-48A7-8DC1-54E289B9A913}.Debug|Any CPU.Build.0 = Debug|Any CPU
		{D191C100-D595-48A7-8DC1-54E289B9A913}.Release|Any CPU.ActiveCfg = Release|Any CPU
		{D191C100-D595-48A7-8DC1-54E289B9A913}.Release|Any CPU.Build.0 = Release|Any CPU
		{BE02DDC4-AA3B-4830-B676-114696D5EA95}.Debug|Any CPU.ActiveCfg = Debug|Any CPU
		{BE02DDC4-AA3B-4830-B676-114696D5EA95}.Debug|Any CPU.Build.0 = Debug|Any CPU
		{BE02DDC4-AA3B-4830-B676-114696D5EA95}.Release|Any CPU.ActiveCfg = Release|Any CPU
		{BE02DDC4-AA3B-4830-B676-114696D5EA95}.Release|Any CPU.Build.0 = Release|Any CPU
	EndGlobalSection
	GlobalSection(SolutionProperties) = preSolution
		HideSolutionNode = FALSE
	EndGlobalSection
	GlobalSection(ExtensibilityGlobals) = postSolution
		SolutionGuid = {F825F901-2018-4F5D-BEB0-626F16C20CA9}
	EndGlobalSection
EndGlobal
